// !$*UTF8*$!
{
	archiveVersion = 1;
	classes = {
	};
	objectVersion = 50;
	objects = {

/* Begin PBXBuildFile section */
		3A0A527226C2253600AE9BA0 /* GameViewModel.swift in Sources */ = {isa = PBXBuildFile; fileRef = 3A0A527126C2253600AE9BA0 /* GameViewModel.swift */; };
		3A0A527426C3943E00AE9BA0 /* QuestionView.swift in Sources */ = {isa = PBXBuildFile; fileRef = 3A0A527326C3943E00AE9BA0 /* QuestionView.swift */; };
		3A3878D826B29357001C8349 /* Question.swift in Sources */ = {isa = PBXBuildFile; fileRef = 3A3878D726B29357001C8349 /* Question.swift */; };
		3A3878DC26B295BE001C8349 /* ChoiceTextView.swift in Sources */ = {isa = PBXBuildFile; fileRef = 3A3878DB26B295BE001C8349 /* ChoiceTextView.swift */; };
		3A47DB1426BE64BC007DF5E1 /* WelcomeView.swift in Sources */ = {isa = PBXBuildFile; fileRef = 3A47DB1326BE64BC007DF5E1 /* WelcomeView.swift */; };
		3A47DB1626BE68C6007DF5E1 /* GameColor.swift in Sources */ = {isa = PBXBuildFile; fileRef = 3A47DB1526BE68C6007DF5E1 /* GameColor.swift */; };
		3A47DB1826BE6985007DF5E1 /* BottomTextView.swift in Sources */ = {isa = PBXBuildFile; fileRef = 3A47DB1726BE6985007DF5E1 /* BottomTextView.swift */; };
		3AD8BA9326BB8DD5005FAAD4 /* Game.swift in Sources */ = {isa = PBXBuildFile; fileRef = 3AD8BA9226BB8DD5005FAAD4 /* Game.swift */; };
		3AF048BB2666CA4900135260 /* Code_HistoryApp.swift in Sources */ = {isa = PBXBuildFile; fileRef = 3AF048BA2666CA4900135260 /* Code_HistoryApp.swift */; };
		3AF048BD2666CA4900135260 /* GameView.swift in Sources */ = {isa = PBXBuildFile; fileRef = 3AF048BC2666CA4900135260 /* GameView.swift */; };
		3AF048BF2666CA4B00135260 /* Assets.xcassets in Resources */ = {isa = PBXBuildFile; fileRef = 3AF048BE2666CA4B00135260 /* Assets.xcassets */; };
		3AF048C22666CA4B00135260 /* Preview Assets.xcassets in Resources */ = {isa = PBXBuildFile; fileRef = 3AF048C12666CA4B00135260 /* Preview Assets.xcassets */; };
		3AF26E7326C78D4F004F9D62 /* ScoreView.swift in Sources */ = {isa = PBXBuildFile; fileRef = 3AF26E7226C78D4F004F9D62 /* ScoreView.swift */; };
		3AF26E7526C79199004F9D62 /* ScoreViewModel.swift in Sources */ = {isa = PBXBuildFile; fileRef = 3AF26E7426C79199004F9D62 /* ScoreViewModel.swift */; };
/* End PBXBuildFile section */

/* Begin PBXFileReference section */
		3A0A527126C2253600AE9BA0 /* GameViewModel.swift */ = {isa = PBXFileReference; lastKnownFileType = sourcecode.swift; path = GameViewModel.swift; sourceTree = "<group>"; };
		3A0A527326C3943E00AE9BA0 /* QuestionView.swift */ = {isa = PBXFileReference; lastKnownFileType = sourcecode.swift; path = QuestionView.swift; sourceTree = "<group>"; };
		3A3878D726B29357001C8349 /* Question.swift */ = {isa = PBXFileReference; lastKnownFileType = sourcecode.swift; path = Question.swift; sourceTree = "<group>"; };
		3A3878DB26B295BE001C8349 /* ChoiceTextView.swift */ = {isa = PBXFileReference; lastKnownFileType = sourcecode.swift; path = ChoiceTextView.swift; sourceTree = "<group>"; };
		3A47DB1326BE64BC007DF5E1 /* WelcomeView.swift */ = {isa = PBXFileReference; lastKnownFileType = sourcecode.swift; path = WelcomeView.swift; sourceTree = "<group>"; };
		3A47DB1526BE68C6007DF5E1 /* GameColor.swift */ = {isa = PBXFileReference; lastKnownFileType = sourcecode.swift; path = GameColor.swift; sourceTree = "<group>"; };
		3A47DB1726BE6985007DF5E1 /* BottomTextView.swift */ = {isa = PBXFileReference; lastKnownFileType = sourcecode.swift; path = BottomTextView.swift; sourceTree = "<group>"; };
		3AD8BA9226BB8DD5005FAAD4 /* Game.swift */ = {isa = PBXFileReference; lastKnownFileType = sourcecode.swift; path = Game.swift; sourceTree = "<group>"; };
		3AF048B72666CA4900135260 /* Code History.app */ = {isa = PBXFileReference; explicitFileType = wrapper.application; includeInIndex = 0; path = "Code History.app"; sourceTree = BUILT_PRODUCTS_DIR; };
		3AF048BA2666CA4900135260 /* Code_HistoryApp.swift */ = {isa = PBXFileReference; lastKnownFileType = sourcecode.swift; path = Code_HistoryApp.swift; sourceTree = "<group>"; };
		3AF048BC2666CA4900135260 /* GameView.swift */ = {isa = PBXFileReference; lastKnownFileType = sourcecode.swift; path = GameView.swift; sourceTree = "<group>"; };
		3AF048BE2666CA4B00135260 /* Assets.xcassets */ = {isa = PBXFileReference; lastKnownFileType = folder.assetcatalog; path = Assets.xcassets; sourceTree = "<group>"; };
		3AF048C12666CA4B00135260 /* Preview Assets.xcassets */ = {isa = PBXFileReference; lastKnownFileType = folder.assetcatalog; path = "Preview Assets.xcassets"; sourceTree = "<group>"; };
		3AF048C32666CA4B00135260 /* Info.plist */ = {isa = PBXFileReference; lastKnownFileType = text.plist.xml; path = Info.plist; sourceTree = "<group>"; };
		3AF26E7226C78D4F004F9D62 /* ScoreView.swift */ = {isa = PBXFileReference; lastKnownFileType = sourcecode.swift; path = ScoreView.swift; sourceTree = "<group>"; };
		3AF26E7426C79199004F9D62 /* ScoreViewModel.swift */ = {isa = PBXFileReference; lastKnownFileType = sourcecode.swift; path = ScoreViewModel.swift; sourceTree = "<group>"; };
/* End PBXFileReference section */

/* Begin PBXFrameworksBuildPhase section */
		3AF048B42666CA4900135260 /* Frameworks */ = {
			isa = PBXFrameworksBuildPhase;
			buildActionMask = 2147483647;
			files = (
			);
			runOnlyForDeploymentPostprocessing = 0;
		};
/* End PBXFrameworksBuildPhase section */

/* Begin PBXGroup section */
		3A0A527026C224F900AE9BA0 /* ViewModels */ = {
			isa = PBXGroup;
			children = (
				3A0A527126C2253600AE9BA0 /* GameViewModel.swift */,
				3AF26E7426C79199004F9D62 /* ScoreViewModel.swift */,
			);
			path = ViewModels;
			sourceTree = "<group>";
		};
		3AD8BA9426BB8E05005FAAD4 /* Models */ = {
			isa = PBXGroup;
			children = (
				3A3878D726B29357001C8349 /* Question.swift */,
				3AD8BA9226BB8DD5005FAAD4 /* Game.swift */,
			);
			path = Models;
			sourceTree = "<group>";
		};
		3AD8BA9526BB8E2F005FAAD4 /* Views */ = {
			isa = PBXGroup;
			children = (
				3A47DB1726BE6985007DF5E1 /* BottomTextView.swift */,
				3A47DB1526BE68C6007DF5E1 /* GameColor.swift */,
				3A3878DB26B295BE001C8349 /* ChoiceTextView.swift */,
				3AF048BC2666CA4900135260 /* GameView.swift */,
				3AF26E7226C78D4F004F9D62 /* ScoreView.swift */,
				3A47DB1326BE64BC007DF5E1 /* WelcomeView.swift */,
				3A0A527326C3943E00AE9BA0 /* QuestionView.swift */,
			);
			path = Views;
			sourceTree = "<group>";
		};
		3AF048AE2666CA4900135260 = {
			isa = PBXGroup;
			children = (
				3AF048B92666CA4900135260 /* Code History */,
				3AF048B82666CA4900135260 /* Products */,
			);
			sourceTree = "<group>";
		};
		3AF048B82666CA4900135260 /* Products */ = {
			isa = PBXGroup;
			children = (
				3AF048B72666CA4900135260 /* Code History.app */,
			);
			name = Products;
			sourceTree = "<group>";
		};
		3AF048B92666CA4900135260 /* Code History */ = {
			isa = PBXGroup;
			children = (
				3AF048BA2666CA4900135260 /* Code_HistoryApp.swift */,
				3AD8BA9426BB8E05005FAAD4 /* Models */,
				3AD8BA9526BB8E2F005FAAD4 /* Views */,
				3A0A527026C224F900AE9BA0 /* ViewModels */,
				3AF048C32666CA4B00135260 /* Info.plist */,
				3AF048BE2666CA4B00135260 /* Assets.xcassets */,
				3AF048C02666CA4B00135260 /* Preview Content */,
			);
			path = "Code History";
			sourceTree = "<group>";
		};
		3AF048C02666CA4B00135260 /* Preview Content */ = {
			isa = PBXGroup;
			children = (
				3AF048C12666CA4B00135260 /* Preview Assets.xcassets */,
			);
			path = "Preview Content";
			sourceTree = "<group>";
		};
/* End PBXGroup section */

/* Begin PBXNativeTarget section */
		3AF048B62666CA4900135260 /* Code History */ = {
			isa = PBXNativeTarget;
			buildConfigurationList = 3AF048C62666CA4B00135260 /* Build configuration list for PBXNativeTarget "Code History" */;
			buildPhases = (
				3AF048B32666CA4900135260 /* Sources */,
				3AF048B42666CA4900135260 /* Frameworks */,
				3AF048B52666CA4900135260 /* Resources */,
			);
			buildRules = (
			);
			dependencies = (
			);
			name = "Code History";
			productName = "Code History";
			productReference = 3AF048B72666CA4900135260 /* Code History.app */;
			productType = "com.apple.product-type.application";
		};
/* End PBXNativeTarget section */

/* Begin PBXProject section */
		3AF048AF2666CA4900135260 /* Project object */ = {
			isa = PBXProject;
			attributes = {
				LastSwiftUpdateCheck = 1250;
				LastUpgradeCheck = 1250;
				TargetAttributes = {
					3AF048B62666CA4900135260 = {
						CreatedOnToolsVersion = 12.5;
					};
				};
			};
			buildConfigurationList = 3AF048B22666CA4900135260 /* Build configuration list for PBXProject "Code History" */;
			compatibilityVersion = "Xcode 9.3";
			developmentRegion = en;
			hasScannedForEncodings = 0;
			knownRegions = (
				en,
				Base,
			);
			mainGroup = 3AF048AE2666CA4900135260;
			productRefGroup = 3AF048B82666CA4900135260 /* Products */;
			projectDirPath = "";
			projectRoot = "";
			targets = (
				3AF048B62666CA4900135260 /* Code History */,
			);
		};
/* End PBXProject section */

/* Begin PBXResourcesBuildPhase section */
		3AF048B52666CA4900135260 /* Resources */ = {
			isa = PBXResourcesBuildPhase;
			buildActionMask = 2147483647;
			files = (
				3AF048C22666CA4B00135260 /* Preview Assets.xcassets in Resources */,
				3AF048BF2666CA4B00135260 /* Assets.xcassets in Resources */,
			);
			runOnlyForDeploymentPostprocessing = 0;
		};
/* End PBXResourcesBuildPhase section */

/* Begin PBXSourcesBuildPhase section */
		3AF048B32666CA4900135260 /* Sources */ = {
			isa = PBXSourcesBuildPhase;
			buildActionMask = 2147483647;
			files = (
				3A0A527426C3943E00AE9BA0 /* QuestionView.swift in Sources */,
				3A0A527226C2253600AE9BA0 /* GameViewModel.swift in Sources */,
				3A3878D826B29357001C8349 /* Question.swift in Sources */,
				3AF26E7526C79199004F9D62 /* ScoreViewModel.swift in Sources */,
				3A47DB1426BE64BC007DF5E1 /* WelcomeView.swift in Sources */,
				3AD8BA9326BB8DD5005FAAD4 /* Game.swift in Sources */,
				3AF048BD2666CA4900135260 /* GameView.swift in Sources */,
				3A47DB1826BE6985007DF5E1 /* BottomTextView.swift in Sources */,
				3AF26E7326C78D4F004F9D62 /* ScoreView.swift in Sources */,
				3A47DB1626BE68C6007DF5E1 /* GameColor.swift in Sources */,
				3A3878DC26B295BE001C8349 /* ChoiceTextView.swift in Sources */,
				3AF048BB2666CA4900135260 /* Code_HistoryApp.swift in Sources */,
			);
			runOnlyForDeploymentPostprocessing = 0;
		};
/* End PBXSourcesBuildPhase section */

/* Begin XCBuildConfiguration section */
		3AF048C42666CA4B00135260 /* Debug */ = {
			isa = XCBuildConfiguration;
			buildSettings = {
				ALWAYS_SEARCH_USER_PATHS = NO;
				CLANG_ANALYZER_NONNULL = YES;
				CLANG_ANALYZER_NUMBER_OBJECT_CONVERSION = YES_AGGRESSIVE;
				CLANG_CXX_LANGUAGE_STANDARD = "gnu++14";
				CLANG_CXX_LIBRARY = "libc++";
				CLANG_ENABLE_MODULES = YES;
				CLANG_ENABLE_OBJC_ARC = YES;
				CLANG_ENABLE_OBJC_WEAK = YES;
				CLANG_WARN_BLOCK_CAPTURE_AUTORELEASING = YES;
				CLANG_WARN_BOOL_CONVERSION = YES;
				CLANG_WARN_COMMA = YES;
				CLANG_WARN_CONSTANT_CONVERSION = YES;
				CLANG_WARN_DEPRECATED_OBJC_IMPLEMENTATIONS = YES;
				CLANG_WARN_DIRECT_OBJC_ISA_USAGE = YES_ERROR;
				CLANG_WARN_DOCUMENTATION_COMMENTS = YES;
				CLANG_WARN_EMPTY_BODY = YES;
				CLANG_WARN_ENUM_CONVERSION = YES;
				CLANG_WARN_INFINITE_RECURSION = YES;
				CLANG_WARN_INT_CONVERSION = YES;
				CLANG_WARN_NON_LITERAL_NULL_CONVERSION = YES;
				CLANG_WARN_OBJC_IMPLICIT_RETAIN_SELF = YES;
				CLANG_WARN_OBJC_LITERAL_CONVERSION = YES;
				CLANG_WARN_OBJC_ROOT_CLASS = YES_ERROR;
				CLANG_WARN_QUOTED_INCLUDE_IN_FRAMEWORK_HEADER = YES;
				CLANG_WARN_RANGE_LOOP_ANALYSIS = YES;
				CLANG_WARN_STRICT_PROTOTYPES = YES;
				CLANG_WARN_SUSPICIOUS_MOVE = YES;
				CLANG_WARN_UNGUARDED_AVAILABILITY = YES_AGGRESSIVE;
				CLANG_WARN_UNREACHABLE_CODE = YES;
				CLANG_WARN__DUPLICATE_METHOD_MATCH = YES;
				COPY_PHASE_STRIP = NO;
				DEBUG_INFORMATION_FORMAT = dwarf;
				ENABLE_STRICT_OBJC_MSGSEND = YES;
				ENABLE_TESTABILITY = YES;
				GCC_C_LANGUAGE_STANDARD = gnu11;
				GCC_DYNAMIC_NO_PIC = NO;
				GCC_NO_COMMON_BLOCKS = YES;
				GCC_OPTIMIZATION_LEVEL = 0;
				GCC_PREPROCESSOR_DEFINITIONS = (
					"DEBUG=1",
					"$(inherited)",
				);
				GCC_WARN_64_TO_32_BIT_CONVERSION = YES;
				GCC_WARN_ABOUT_RETURN_TYPE = YES_ERROR;
				GCC_WARN_UNDECLARED_SELECTOR = YES;
				GCC_WARN_UNINITIALIZED_AUTOS = YES_AGGRESSIVE;
				GCC_WARN_UNUSED_FUNCTION = YES;
				GCC_WARN_UNUSED_VARIABLE = YES;
				IPHONEOS_DEPLOYMENT_TARGET = 14.5;
				MTL_ENABLE_DEBUG_INFO = INCLUDE_SOURCE;
				MTL_FAST_MATH = YES;
				ONLY_ACTIVE_ARCH = YES;
				SDKROOT = iphoneos;
				SWIFT_ACTIVE_COMPILATION_CONDITIONS = DEBUG;
				SWIFT_OPTIMIZATION_LEVEL = "-Onone";
			};
			name = Debug;
		};
		3AF048C52666CA4B00135260 /* Release */ = {
			isa = XCBuildConfiguration;
			buildSettings = {
				ALWAYS_SEARCH_USER_PATHS = NO;
				CLANG_ANALYZER_NONNULL = YES;
				CLANG_ANALYZER_NUMBER_OBJECT_CONVERSION = YES_AGGRESSIVE;
				CLANG_CXX_LANGUAGE_STANDARD = "gnu++14";
				CLANG_CXX_LIBRARY = "libc++";
				CLANG_ENABLE_MODULES = YES;
				CLANG_ENABLE_OBJC_ARC = YES;
				CLANG_ENABLE_OBJC_WEAK = YES;
				CLANG_WARN_BLOCK_CAPTURE_AUTORELEASING = YES;
				CLANG_WARN_BOOL_CONVERSION = YES;
				CLANG_WARN_COMMA = YES;
				CLANG_WARN_CONSTANT_CONVERSION = YES;
				CLANG_WARN_DEPRECATED_OBJC_IMPLEMENTATIONS = YES;
				CLANG_WARN_DIRECT_OBJC_ISA_USAGE = YES_ERROR;
				CLANG_WARN_DOCUMENTATION_COMMENTS = YES;
				CLANG_WARN_EMPTY_BODY = YES;
				CLANG_WARN_ENUM_CONVERSION = YES;
				CLANG_WARN_INFINITE_RECURSION = YES;
				CLANG_WARN_INT_CONVERSION = YES;
				CLANG_WARN_NON_LITERAL_NULL_CONVERSION = YES;
				CLANG_WARN_OBJC_IMPLICIT_RETAIN_SELF = YES;
				CLANG_WARN_OBJC_LITERAL_CONVERSION = YES;
				CLANG_WARN_OBJC_ROOT_CLASS = YES_ERROR;
				CLANG_WARN_QUOTED_INCLUDE_IN_FRAMEWORK_HEADER = YES;
				CLANG_WARN_RANGE_LOOP_ANALYSIS = YES;
				CLANG_WARN_STRICT_PROTOTYPES = YES;
				CLANG_WARN_SUSPICIOUS_MOVE = YES;
				CLANG_WARN_UNGUARDED_AVAILABILITY = YES_AGGRESSIVE;
				CLANG_WARN_UNREACHABLE_CODE = YES;
				CLANG_WARN__DUPLICATE_METHOD_MATCH = YES;
				COPY_PHASE_STRIP = NO;
				DEBUG_INFORMATION_FORMAT = "dwarf-with-dsym";
				ENABLE_NS_ASSERTIONS = NO;
				ENABLE_STRICT_OBJC_MSGSEND = YES;
				GCC_C_LANGUAGE_STANDARD = gnu11;
				GCC_NO_COMMON_BLOCKS = YES;
				GCC_WARN_64_TO_32_BIT_CONVERSION = YES;
				GCC_WARN_ABOUT_RETURN_TYPE = YES_ERROR;
				GCC_WARN_UNDECLARED_SELECTOR = YES;
				GCC_WARN_UNINITIALIZED_AUTOS = YES_AGGRESSIVE;
				GCC_WARN_UNUSED_FUNCTION = YES;
				GCC_WARN_UNUSED_VARIABLE = YES;
				IPHONEOS_DEPLOYMENT_TARGET = 14.5;
				MTL_ENABLE_DEBUG_INFO = NO;
				MTL_FAST_MATH = YES;
				SDKROOT = iphoneos;
				SWIFT_COMPILATION_MODE = wholemodule;
				SWIFT_OPTIMIZATION_LEVEL = "-O";
				VALIDATE_PRODUCT = YES;
			};
			name = Release;
		};
		3AF048C72666CA4B00135260 /* Debug */ = {
			isa = XCBuildConfiguration;
			buildSettings = {
				ASSETCATALOG_COMPILER_APPICON_NAME = AppIcon;
				ASSETCATALOG_COMPILER_GLOBAL_ACCENT_COLOR_NAME = AccentColor;
				CODE_SIGN_STYLE = Automatic;
				DEVELOPMENT_ASSET_PATHS = "\"Code History/Preview Content\"";
				DEVELOPMENT_TEAM = 956ZU67DR8;
				ENABLE_PREVIEWS = YES;
				INFOPLIST_FILE = "Code History/Info.plist";
				IPHONEOS_DEPLOYMENT_TARGET = 14.0;
				LD_RUNPATH_SEARCH_PATHS = (
					"$(inherited)",
					"@executable_path/Frameworks",
				);
				PRODUCT_BUNDLE_IDENTIFIER = "com.alex-mehregan.Code-History";
				PRODUCT_NAME = "$(TARGET_NAME)";
				SWIFT_VERSION = 5.0;
				TARGETED_DEVICE_FAMILY = 1;
			};
			name = Debug;
		};
		3AF048C82666CA4B00135260 /* Release */ = {
			isa = XCBuildConfiguration;
			buildSettings = {
				ASSETCATALOG_COMPILER_APPICON_NAME = AppIcon;
				ASSETCATALOG_COMPILER_GLOBAL_ACCENT_COLOR_NAME = AccentColor;
				CODE_SIGN_STYLE = Automatic;
				DEVELOPMENT_ASSET_PATHS = "\"Code History/Preview Content\"";
				DEVELOPMENT_TEAM = 956ZU67DR8;
				ENABLE_PREVIEWS = YES;
				INFOPLIST_FILE = "Code History/Info.plist";
				IPHONEOS_DEPLOYMENT_TARGET = 14.0;
				LD_RUNPATH_SEARCH_PATHS = (
					"$(inherited)",
					"@executable_path/Frameworks",
				);
				PRODUCT_BUNDLE_IDENTIFIER = "com.alex-mehregan.Code-History";
				PRODUCT_NAME = "$(TARGET_NAME)";
				SWIFT_VERSION = 5.0;
				TARGETED_DEVICE_FAMILY = 1;
			};
			name = Release;
		};
/* End XCBuildConfiguration section */

/* Begin XCConfigurationList section */
		3AF048B22666CA4900135260 /* Build configuration list for PBXProject "Code History" */ = {
			isa = XCConfigurationList;
			buildConfigurations = (
				3AF048C42666CA4B00135260 /* Debug */,
				3AF048C52666CA4B00135260 /* Release */,
			);
			defaultConfigurationIsVisible = 0;
			defaultConfigurationName = Release;
		};
		3AF048C62666CA4B00135260 /* Build configuration list for PBXNativeTarget "Code History" */ = {
			isa = XCConfigurationList;
			buildConfigurations = (
				3AF048C72666CA4B00135260 /* Debug */,
				3AF048C82666CA4B00135260 /* Release */,
			);
			defaultConfigurationIsVisible = 0;
			defaultConfigurationName = Release;
		};
/* End XCConfigurationList section */
	};
	rootObject = 3AF048AF2666CA4900135260 /* Project object */;
}
